// !$*UTF8*$!
{
	archiveVersion = 1;
	classes = {
	};
	objectVersion = 50;
	objects = {

/* Begin PBXBuildFile section */
		25095C2B23A0903300E772C7 /* AppDelegate.swift in Sources */ = {isa = PBXBuildFile; fileRef = 25095C2A23A0903300E772C7 /* AppDelegate.swift */; };
		25095C2F23A0903300E772C7 /* ViewController.swift in Sources */ = {isa = PBXBuildFile; fileRef = 25095C2E23A0903300E772C7 /* ViewController.swift */; };
		25095C3223A0903300E772C7 /* Main.storyboard in Resources */ = {isa = PBXBuildFile; fileRef = 25095C3023A0903300E772C7 /* Main.storyboard */; };
		25095C3423A0903800E772C7 /* Assets.xcassets in Resources */ = {isa = PBXBuildFile; fileRef = 25095C3323A0903800E772C7 /* Assets.xcassets */; };
		25095C3723A0903800E772C7 /* LaunchScreen.storyboard in Resources */ = {isa = PBXBuildFile; fileRef = 25095C3523A0903800E772C7 /* LaunchScreen.storyboard */; };
		25095C4223A0903800E772C7 /* CommonClass_SwiftTests.swift in Sources */ = {isa = PBXBuildFile; fileRef = 25095C4123A0903800E772C7 /* CommonClass_SwiftTests.swift */; };
		25095C4D23A0903800E772C7 /* CommonClass_SwiftUITests.swift in Sources */ = {isa = PBXBuildFile; fileRef = 25095C4C23A0903800E772C7 /* CommonClass_SwiftUITests.swift */; };
		25095C5C23A0917900E772C7 /* Queue.swift in Sources */ = {isa = PBXBuildFile; fileRef = 25095C5B23A0917900E772C7 /* Queue.swift */; };
		25095C5F23A0962100E772C7 /* Tree.swift in Sources */ = {isa = PBXBuildFile; fileRef = 25095C5E23A0962100E772C7 /* Tree.swift */; };
		25095C6123A0B93600E772C7 /* BinarySearchTree.swift in Sources */ = {isa = PBXBuildFile; fileRef = 25095C6023A0B93600E772C7 /* BinarySearchTree.swift */; };
		25095C6323A0DBFC00E772C7 /* SceneDelegate.swift in Sources */ = {isa = PBXBuildFile; fileRef = 25095C6223A0DBFB00E772C7 /* SceneDelegate.swift */; };
		25095D2823B1DF3000E772C7 /* LinkedListNode.swift in Sources */ = {isa = PBXBuildFile; fileRef = 25095D2723B1DF2F00E772C7 /* LinkedListNode.swift */; };
		25095D2A23B1EA3E00E772C7 /* LinkedList.swift in Sources */ = {isa = PBXBuildFile; fileRef = 25095D2923B1EA3E00E772C7 /* LinkedList.swift */; };
/* End PBXBuildFile section */

/* Begin PBXContainerItemProxy section */
		25095C3E23A0903800E772C7 /* PBXContainerItemProxy */ = {
			isa = PBXContainerItemProxy;
			containerPortal = 25095C1F23A0903300E772C7 /* Project object */;
			proxyType = 1;
			remoteGlobalIDString = 25095C2623A0903300E772C7;
			remoteInfo = "CommonClass-Swift";
		};
		25095C4923A0903800E772C7 /* PBXContainerItemProxy */ = {
			isa = PBXContainerItemProxy;
			containerPortal = 25095C1F23A0903300E772C7 /* Project object */;
			proxyType = 1;
			remoteGlobalIDString = 25095C2623A0903300E772C7;
			remoteInfo = "CommonClass-Swift";
		};
/* End PBXContainerItemProxy section */

/* Begin PBXFileReference section */
		25095C2723A0903300E772C7 /* CommonClass-Swift.app */ = {isa = PBXFileReference; explicitFileType = wrapper.application; includeInIndex = 0; path = "CommonClass-Swift.app"; sourceTree = BUILT_PRODUCTS_DIR; };
		25095C2A23A0903300E772C7 /* AppDelegate.swift */ = {isa = PBXFileReference; lastKnownFileType = sourcecode.swift; path = AppDelegate.swift; sourceTree = "<group>"; };
		25095C2E23A0903300E772C7 /* ViewController.swift */ = {isa = PBXFileReference; lastKnownFileType = sourcecode.swift; path = ViewController.swift; sourceTree = "<group>"; };
		25095C3123A0903300E772C7 /* Base */ = {isa = PBXFileReference; lastKnownFileType = file.storyboard; name = Base; path = Base.lproj/Main.storyboard; sourceTree = "<group>"; };
		25095C3323A0903800E772C7 /* Assets.xcassets */ = {isa = PBXFileReference; lastKnownFileType = folder.assetcatalog; path = Assets.xcassets; sourceTree = "<group>"; };
		25095C3623A0903800E772C7 /* Base */ = {isa = PBXFileReference; lastKnownFileType = file.storyboard; name = Base; path = Base.lproj/LaunchScreen.storyboard; sourceTree = "<group>"; };
		25095C3823A0903800E772C7 /* Info.plist */ = {isa = PBXFileReference; lastKnownFileType = text.plist.xml; path = Info.plist; sourceTree = "<group>"; };
		25095C3D23A0903800E772C7 /* CommonClass-SwiftTests.xctest */ = {isa = PBXFileReference; explicitFileType = wrapper.cfbundle; includeInIndex = 0; path = "CommonClass-SwiftTests.xctest"; sourceTree = BUILT_PRODUCTS_DIR; };
		25095C4123A0903800E772C7 /* CommonClass_SwiftTests.swift */ = {isa = PBXFileReference; lastKnownFileType = sourcecode.swift; path = CommonClass_SwiftTests.swift; sourceTree = "<group>"; };
		25095C4323A0903800E772C7 /* Info.plist */ = {isa = PBXFileReference; lastKnownFileType = text.plist.xml; path = Info.plist; sourceTree = "<group>"; };
		25095C4823A0903800E772C7 /* CommonClass-SwiftUITests.xctest */ = {isa = PBXFileReference; explicitFileType = wrapper.cfbundle; includeInIndex = 0; path = "CommonClass-SwiftUITests.xctest"; sourceTree = BUILT_PRODUCTS_DIR; };
		25095C4C23A0903800E772C7 /* CommonClass_SwiftUITests.swift */ = {isa = PBXFileReference; lastKnownFileType = sourcecode.swift; path = CommonClass_SwiftUITests.swift; sourceTree = "<group>"; };
		25095C4E23A0903800E772C7 /* Info.plist */ = {isa = PBXFileReference; lastKnownFileType = text.plist.xml; path = Info.plist; sourceTree = "<group>"; };
		25095C5B23A0917900E772C7 /* Queue.swift */ = {isa = PBXFileReference; lastKnownFileType = sourcecode.swift; path = Queue.swift; sourceTree = "<group>"; };
		25095C5E23A0962100E772C7 /* Tree.swift */ = {isa = PBXFileReference; lastKnownFileType = sourcecode.swift; path = Tree.swift; sourceTree = "<group>"; };
		25095C6023A0B93600E772C7 /* BinarySearchTree.swift */ = {isa = PBXFileReference; lastKnownFileType = sourcecode.swift; path = BinarySearchTree.swift; sourceTree = "<group>"; };
		25095C6223A0DBFB00E772C7 /* SceneDelegate.swift */ = {isa = PBXFileReference; fileEncoding = 4; lastKnownFileType = sourcecode.swift; path = SceneDelegate.swift; sourceTree = "<group>"; };
		25095D2723B1DF2F00E772C7 /* LinkedListNode.swift */ = {isa = PBXFileReference; lastKnownFileType = sourcecode.swift; path = LinkedListNode.swift; sourceTree = "<group>"; };
		25095D2923B1EA3E00E772C7 /* LinkedList.swift */ = {isa = PBXFileReference; lastKnownFileType = sourcecode.swift; path = LinkedList.swift; sourceTree = "<group>"; };
/* End PBXFileReference section */

/* Begin PBXFrameworksBuildPhase section */
		25095C2423A0903300E772C7 /* Frameworks */ = {
			isa = PBXFrameworksBuildPhase;
			buildActionMask = 2147483647;
			files = (
			);
			runOnlyForDeploymentPostprocessing = 0;
		};
		25095C3A23A0903800E772C7 /* Frameworks */ = {
			isa = PBXFrameworksBuildPhase;
			buildActionMask = 2147483647;
			files = (
			);
			runOnlyForDeploymentPostprocessing = 0;
		};
		25095C4523A0903800E772C7 /* Frameworks */ = {
			isa = PBXFrameworksBuildPhase;
			buildActionMask = 2147483647;
			files = (
			);
			runOnlyForDeploymentPostprocessing = 0;
		};
/* End PBXFrameworksBuildPhase section */

/* Begin PBXGroup section */
		25095C1E23A0903300E772C7 = {
			isa = PBXGroup;
			children = (
				25095C2923A0903300E772C7 /* CommonClass-Swift */,
				25095C4023A0903800E772C7 /* CommonClass-SwiftTests */,
				25095C4B23A0903800E772C7 /* CommonClass-SwiftUITests */,
				25095C2823A0903300E772C7 /* Products */,
			);
			sourceTree = "<group>";
		};
		25095C2823A0903300E772C7 /* Products */ = {
			isa = PBXGroup;
			children = (
				25095C2723A0903300E772C7 /* CommonClass-Swift.app */,
				25095C3D23A0903800E772C7 /* CommonClass-SwiftTests.xctest */,
				25095C4823A0903800E772C7 /* CommonClass-SwiftUITests.xctest */,
			);
			name = Products;
			sourceTree = "<group>";
		};
		25095C2923A0903300E772C7 /* CommonClass-Swift */ = {
			isa = PBXGroup;
			children = (
				25095C6223A0DBFB00E772C7 /* SceneDelegate.swift */,
				25095C5D23A095AC00E772C7 /* Tree */,
				25095C5A23A0915900E772C7 /* Queue */,
				25095D2623B1DE7700E772C7 /* LinkList */,
				25095C2A23A0903300E772C7 /* AppDelegate.swift */,
				25095C2E23A0903300E772C7 /* ViewController.swift */,
				25095C3023A0903300E772C7 /* Main.storyboard */,
				25095C3323A0903800E772C7 /* Assets.xcassets */,
				25095C3523A0903800E772C7 /* LaunchScreen.storyboard */,
				25095C3823A0903800E772C7 /* Info.plist */,
			);
			path = "CommonClass-Swift";
			sourceTree = "<group>";
		};
		25095C4023A0903800E772C7 /* CommonClass-SwiftTests */ = {
			isa = PBXGroup;
			children = (
				25095C4123A0903800E772C7 /* CommonClass_SwiftTests.swift */,
				25095C4323A0903800E772C7 /* Info.plist */,
			);
			path = "CommonClass-SwiftTests";
			sourceTree = "<group>";
		};
		25095C4B23A0903800E772C7 /* CommonClass-SwiftUITests */ = {
			isa = PBXGroup;
			children = (
				25095C4C23A0903800E772C7 /* CommonClass_SwiftUITests.swift */,
				25095C4E23A0903800E772C7 /* Info.plist */,
			);
			path = "CommonClass-SwiftUITests";
			sourceTree = "<group>";
		};
		25095C5A23A0915900E772C7 /* Queue */ = {
			isa = PBXGroup;
			children = (
				25095C5B23A0917900E772C7 /* Queue.swift */,
			);
			path = Queue;
			sourceTree = "<group>";
		};
		25095C5D23A095AC00E772C7 /* Tree */ = {
			isa = PBXGroup;
			children = (
				25095C5E23A0962100E772C7 /* Tree.swift */,
				25095C6023A0B93600E772C7 /* BinarySearchTree.swift */,
			);
			path = Tree;
			sourceTree = "<group>";
		};
		25095D2623B1DE7700E772C7 /* LinkList */ = {
			isa = PBXGroup;
			children = (
				25095D2723B1DF2F00E772C7 /* LinkedListNode.swift */,
				25095D2923B1EA3E00E772C7 /* LinkedList.swift */,
			);
			path = LinkList;
			sourceTree = "<group>";
		};
/* End PBXGroup section */

/* Begin PBXNativeTarget section */
		25095C2623A0903300E772C7 /* CommonClass-Swift */ = {
			isa = PBXNativeTarget;
			buildConfigurationList = 25095C5123A0903800E772C7 /* Build configuration list for PBXNativeTarget "CommonClass-Swift" */;
			buildPhases = (
				25095C2323A0903300E772C7 /* Sources */,
				25095C2423A0903300E772C7 /* Frameworks */,
				25095C2523A0903300E772C7 /* Resources */,
			);
			buildRules = (
			);
			dependencies = (
			);
			name = "CommonClass-Swift";
			productName = "CommonClass-Swift";
			productReference = 25095C2723A0903300E772C7 /* CommonClass-Swift.app */;
			productType = "com.apple.product-type.application";
		};
		25095C3C23A0903800E772C7 /* CommonClass-SwiftTests */ = {
			isa = PBXNativeTarget;
			buildConfigurationList = 25095C5423A0903800E772C7 /* Build configuration list for PBXNativeTarget "CommonClass-SwiftTests" */;
			buildPhases = (
				25095C3923A0903800E772C7 /* Sources */,
				25095C3A23A0903800E772C7 /* Frameworks */,
				25095C3B23A0903800E772C7 /* Resources */,
			);
			buildRules = (
			);
			dependencies = (
				25095C3F23A0903800E772C7 /* PBXTargetDependency */,
			);
			name = "CommonClass-SwiftTests";
			productName = "CommonClass-SwiftTests";
			productReference = 25095C3D23A0903800E772C7 /* CommonClass-SwiftTests.xctest */;
			productType = "com.apple.product-type.bundle.unit-test";
		};
		25095C4723A0903800E772C7 /* CommonClass-SwiftUITests */ = {
			isa = PBXNativeTarget;
			buildConfigurationList = 25095C5723A0903800E772C7 /* Build configuration list for PBXNativeTarget "CommonClass-SwiftUITests" */;
			buildPhases = (
				25095C4423A0903800E772C7 /* Sources */,
				25095C4523A0903800E772C7 /* Frameworks */,
				25095C4623A0903800E772C7 /* Resources */,
			);
			buildRules = (
			);
			dependencies = (
				25095C4A23A0903800E772C7 /* PBXTargetDependency */,
			);
			name = "CommonClass-SwiftUITests";
			productName = "CommonClass-SwiftUITests";
			productReference = 25095C4823A0903800E772C7 /* CommonClass-SwiftUITests.xctest */;
			productType = "com.apple.product-type.bundle.ui-testing";
		};
/* End PBXNativeTarget section */

/* Begin PBXProject section */
		25095C1F23A0903300E772C7 /* Project object */ = {
			isa = PBXProject;
			attributes = {
				LastSwiftUpdateCheck = 1120;
				LastUpgradeCheck = 1120;
				ORGANIZATIONNAME = luowailin;
				TargetAttributes = {
					25095C2623A0903300E772C7 = {
						CreatedOnToolsVersion = 11.2.1;
					};
					25095C3C23A0903800E772C7 = {
						CreatedOnToolsVersion = 11.2.1;
						TestTargetID = 25095C2623A0903300E772C7;
					};
					25095C4723A0903800E772C7 = {
						CreatedOnToolsVersion = 11.2.1;
						TestTargetID = 25095C2623A0903300E772C7;
					};
				};
			};
			buildConfigurationList = 25095C2223A0903300E772C7 /* Build configuration list for PBXProject "CommonClass-Swift" */;
			compatibilityVersion = "Xcode 9.3";
			developmentRegion = en;
			hasScannedForEncodings = 0;
			knownRegions = (
				en,
				Base,
			);
			mainGroup = 25095C1E23A0903300E772C7;
			productRefGroup = 25095C2823A0903300E772C7 /* Products */;
			projectDirPath = "";
			projectRoot = "";
			targets = (
				25095C2623A0903300E772C7 /* CommonClass-Swift */,
				25095C3C23A0903800E772C7 /* CommonClass-SwiftTests */,
				25095C4723A0903800E772C7 /* CommonClass-SwiftUITests */,
			);
		};
/* End PBXProject section */

/* Begin PBXResourcesBuildPhase section */
		25095C2523A0903300E772C7 /* Resources */ = {
			isa = PBXResourcesBuildPhase;
			buildActionMask = 2147483647;
			files = (
				25095C3723A0903800E772C7 /* LaunchScreen.storyboard in Resources */,
				25095C3423A0903800E772C7 /* Assets.xcassets in Resources */,
				25095C3223A0903300E772C7 /* Main.storyboard in Resources */,
			);
			runOnlyForDeploymentPostprocessing = 0;
		};
		25095C3B23A0903800E772C7 /* Resources */ = {
			isa = PBXResourcesBuildPhase;
			buildActionMask = 2147483647;
			files = (
			);
			runOnlyForDeploymentPostprocessing = 0;
		};
		25095C4623A0903800E772C7 /* Resources */ = {
			isa = PBXResourcesBuildPhase;
			buildActionMask = 2147483647;
			files = (
			);
			runOnlyForDeploymentPostprocessing = 0;
		};
/* End PBXResourcesBuildPhase section */

/* Begin PBXSourcesBuildPhase section */
		25095C2323A0903300E772C7 /* Sources */ = {
			isa = PBXSourcesBuildPhase;
			buildActionMask = 2147483647;
			files = (
				25095C5F23A0962100E772C7 /* Tree.swift in Sources */,
				25095C2F23A0903300E772C7 /* ViewController.swift in Sources */,
				25095C6123A0B93600E772C7 /* BinarySearchTree.swift in Sources */,
				25095D2A23B1EA3E00E772C7 /* LinkedList.swift in Sources */,
				25095C2B23A0903300E772C7 /* AppDelegate.swift in Sources */,
				25095C5C23A0917900E772C7 /* Queue.swift in Sources */,
				25095C6323A0DBFC00E772C7 /* SceneDelegate.swift in Sources */,
				25095D2823B1DF3000E772C7 /* LinkedListNode.swift in Sources */,
			);
			runOnlyForDeploymentPostprocessing = 0;
		};
		25095C3923A0903800E772C7 /* Sources */ = {
			isa = PBXSourcesBuildPhase;
			buildActionMask = 2147483647;
			files = (
				25095C4223A0903800E772C7 /* CommonClass_SwiftTests.swift in Sources */,
			);
			runOnlyForDeploymentPostprocessing = 0;
		};
		25095C4423A0903800E772C7 /* Sources */ = {
			isa = PBXSourcesBuildPhase;
			buildActionMask = 2147483647;
			files = (
				25095C4D23A0903800E772C7 /* CommonClass_SwiftUITests.swift in Sources */,
			);
			runOnlyForDeploymentPostprocessing = 0;
		};
/* End PBXSourcesBuildPhase section */

/* Begin PBXTargetDependency section */
		25095C3F23A0903800E772C7 /* PBXTargetDependency */ = {
			isa = PBXTargetDependency;
			target = 25095C2623A0903300E772C7 /* CommonClass-Swift */;
			targetProxy = 25095C3E23A0903800E772C7 /* PBXContainerItemProxy */;
		};
		25095C4A23A0903800E772C7 /* PBXTargetDependency */ = {
			isa = PBXTargetDependency;
			target = 25095C2623A0903300E772C7 /* CommonClass-Swift */;
			targetProxy = 25095C4923A0903800E772C7 /* PBXContainerItemProxy */;
		};
/* End PBXTargetDependency section */

/* Begin PBXVariantGroup section */
		25095C3023A0903300E772C7 /* Main.storyboard */ = {
			isa = PBXVariantGroup;
			children = (
				25095C3123A0903300E772C7 /* Base */,
			);
			name = Main.storyboard;
			sourceTree = "<group>";
		};
		25095C3523A0903800E772C7 /* LaunchScreen.storyboard */ = {
			isa = PBXVariantGroup;
			children = (
				25095C3623A0903800E772C7 /* Base */,
			);
			name = LaunchScreen.storyboard;
			sourceTree = "<group>";
		};
/* End PBXVariantGroup section */

/* Begin XCBuildConfiguration section */
		25095C4F23A0903800E772C7 /* Debug */ = {
			isa = XCBuildConfiguration;
			buildSettings = {
				ALWAYS_SEARCH_USER_PATHS = NO;
				CLANG_ANALYZER_NONNULL = YES;
				CLANG_ANALYZER_NUMBER_OBJECT_CONVERSION = YES_AGGRESSIVE;
				CLANG_CXX_LANGUAGE_STANDARD = "gnu++14";
				CLANG_CXX_LIBRARY = "libc++";
				CLANG_ENABLE_MODULES = YES;
				CLANG_ENABLE_OBJC_ARC = YES;
				CLANG_ENABLE_OBJC_WEAK = YES;
				CLANG_WARN_BLOCK_CAPTURE_AUTORELEASING = YES;
				CLANG_WARN_BOOL_CONVERSION = YES;
				CLANG_WARN_COMMA = YES;
				CLANG_WARN_CONSTANT_CONVERSION = YES;
				CLANG_WARN_DEPRECATED_OBJC_IMPLEMENTATIONS = YES;
				CLANG_WARN_DIRECT_OBJC_ISA_USAGE = YES_ERROR;
				CLANG_WARN_DOCUMENTATION_COMMENTS = YES;
				CLANG_WARN_EMPTY_BODY = YES;
				CLANG_WARN_ENUM_CONVERSION = YES;
				CLANG_WARN_INFINITE_RECURSION = YES;
				CLANG_WARN_INT_CONVERSION = YES;
				CLANG_WARN_NON_LITERAL_NULL_CONVERSION = YES;
				CLANG_WARN_OBJC_IMPLICIT_RETAIN_SELF = YES;
				CLANG_WARN_OBJC_LITERAL_CONVERSION = YES;
				CLANG_WARN_OBJC_ROOT_CLASS = YES_ERROR;
				CLANG_WARN_RANGE_LOOP_ANALYSIS = YES;
				CLANG_WARN_STRICT_PROTOTYPES = YES;
				CLANG_WARN_SUSPICIOUS_MOVE = YES;
				CLANG_WARN_UNGUARDED_AVAILABILITY = YES_AGGRESSIVE;
				CLANG_WARN_UNREACHABLE_CODE = YES;
				CLANG_WARN__DUPLICATE_METHOD_MATCH = YES;
				COPY_PHASE_STRIP = NO;
				DEBUG_INFORMATION_FORMAT = dwarf;
				ENABLE_STRICT_OBJC_MSGSEND = YES;
				ENABLE_TESTABILITY = YES;
				GCC_C_LANGUAGE_STANDARD = gnu11;
				GCC_DYNAMIC_NO_PIC = NO;
				GCC_NO_COMMON_BLOCKS = YES;
				GCC_OPTIMIZATION_LEVEL = 0;
				GCC_PREPROCESSOR_DEFINITIONS = (
					"DEBUG=1",
					"$(inherited)",
				);
				GCC_WARN_64_TO_32_BIT_CONVERSION = YES;
				GCC_WARN_ABOUT_RETURN_TYPE = YES_ERROR;
				GCC_WARN_UNDECLARED_SELECTOR = YES;
				GCC_WARN_UNINITIALIZED_AUTOS = YES_AGGRESSIVE;
				GCC_WARN_UNUSED_FUNCTION = YES;
				GCC_WARN_UNUSED_VARIABLE = YES;
				IPHONEOS_DEPLOYMENT_TARGET = 13.2;
				MTL_ENABLE_DEBUG_INFO = INCLUDE_SOURCE;
				MTL_FAST_MATH = YES;
				ONLY_ACTIVE_ARCH = YES;
				SDKROOT = iphoneos;
				SWIFT_ACTIVE_COMPILATION_CONDITIONS = DEBUG;
				SWIFT_OPTIMIZATION_LEVEL = "-Onone";
			};
			name = Debug;
		};
		25095C5023A0903800E772C7 /* Release */ = {
			isa = XCBuildConfiguration;
			buildSettings = {
				ALWAYS_SEARCH_USER_PATHS = NO;
				CLANG_ANALYZER_NONNULL = YES;
				CLANG_ANALYZER_NUMBER_OBJECT_CONVERSION = YES_AGGRESSIVE;
				CLANG_CXX_LANGUAGE_STANDARD = "gnu++14";
				CLANG_CXX_LIBRARY = "libc++";
				CLANG_ENABLE_MODULES = YES;
				CLANG_ENABLE_OBJC_ARC = YES;
				CLANG_ENABLE_OBJC_WEAK = YES;
				CLANG_WARN_BLOCK_CAPTURE_AUTORELEASING = YES;
				CLANG_WARN_BOOL_CONVERSION = YES;
				CLANG_WARN_COMMA = YES;
				CLANG_WARN_CONSTANT_CONVERSION = YES;
				CLANG_WARN_DEPRECATED_OBJC_IMPLEMENTATIONS = YES;
				CLANG_WARN_DIRECT_OBJC_ISA_USAGE = YES_ERROR;
				CLANG_WARN_DOCUMENTATION_COMMENTS = YES;
				CLANG_WARN_EMPTY_BODY = YES;
				CLANG_WARN_ENUM_CONVERSION = YES;
				CLANG_WARN_INFINITE_RECURSION = YES;
				CLANG_WARN_INT_CONVERSION = YES;
				CLANG_WARN_NON_LITERAL_NULL_CONVERSION = YES;
				CLANG_WARN_OBJC_IMPLICIT_RETAIN_SELF = YES;
				CLANG_WARN_OBJC_LITERAL_CONVERSION = YES;
				CLANG_WARN_OBJC_ROOT_CLASS = YES_ERROR;
				CLANG_WARN_RANGE_LOOP_ANALYSIS = YES;
				CLANG_WARN_STRICT_PROTOTYPES = YES;
				CLANG_WARN_SUSPICIOUS_MOVE = YES;
				CLANG_WARN_UNGUARDED_AVAILABILITY = YES_AGGRESSIVE;
				CLANG_WARN_UNREACHABLE_CODE = YES;
				CLANG_WARN__DUPLICATE_METHOD_MATCH = YES;
				COPY_PHASE_STRIP = NO;
				DEBUG_INFORMATION_FORMAT = "dwarf-with-dsym";
				ENABLE_NS_ASSERTIONS = NO;
				ENABLE_STRICT_OBJC_MSGSEND = YES;
				GCC_C_LANGUAGE_STANDARD = gnu11;
				GCC_NO_COMMON_BLOCKS = YES;
				GCC_WARN_64_TO_32_BIT_CONVERSION = YES;
				GCC_WARN_ABOUT_RETURN_TYPE = YES_ERROR;
				GCC_WARN_UNDECLARED_SELECTOR = YES;
				GCC_WARN_UNINITIALIZED_AUTOS = YES_AGGRESSIVE;
				GCC_WARN_UNUSED_FUNCTION = YES;
				GCC_WARN_UNUSED_VARIABLE = YES;
				IPHONEOS_DEPLOYMENT_TARGET = 13.2;
				MTL_ENABLE_DEBUG_INFO = NO;
				MTL_FAST_MATH = YES;
				SDKROOT = iphoneos;
				SWIFT_COMPILATION_MODE = wholemodule;
				SWIFT_OPTIMIZATION_LEVEL = "-O";
				VALIDATE_PRODUCT = YES;
			};
			name = Release;
		};
		25095C5223A0903800E772C7 /* Debug */ = {
			isa = XCBuildConfiguration;
			buildSettings = {
				ASSETCATALOG_COMPILER_APPICON_NAME = AppIcon;
				CODE_SIGN_STYLE = Automatic;
				DEVELOPMENT_TEAM = ME92NL5RP7;
				INFOPLIST_FILE = "CommonClass-Swift/Info.plist";
				LD_RUNPATH_SEARCH_PATHS = (
					"$(inherited)",
					"@executable_path/Frameworks",
				);
				PRODUCT_BUNDLE_IDENTIFIER = "bee2c.com.CommonClass-Swift";
				PRODUCT_NAME = "$(TARGET_NAME)";
				SWIFT_VERSION = 5.0;
				TARGETED_DEVICE_FAMILY = "1,2";
			};
			name = Debug;
		};
		25095C5323A0903800E772C7 /* Release */ = {
			isa = XCBuildConfiguration;
			buildSettings = {
				ASSETCATALOG_COMPILER_APPICON_NAME = AppIcon;
				CODE_SIGN_STYLE = Automatic;
				DEVELOPMENT_TEAM = ME92NL5RP7;
				INFOPLIST_FILE = "CommonClass-Swift/Info.plist";
				LD_RUNPATH_SEARCH_PATHS = (
					"$(inherited)",
					"@executable_path/Frameworks",
				);
				PRODUCT_BUNDLE_IDENTIFIER = "bee2c.com.CommonClass-Swift";
				PRODUCT_NAME = "$(TARGET_NAME)";
				SWIFT_VERSION = 5.0;
				TARGETED_DEVICE_FAMILY = "1,2";
			};
			name = Release;
		};
		25095C5523A0903800E772C7 /* Debug */ = {
			isa = XCBuildConfiguration;
			buildSettings = {
				ALWAYS_EMBED_SWIFT_STANDARD_LIBRARIES = YES;
				BUNDLE_LOADER = "$(TEST_HOST)";
				CODE_SIGN_STYLE = Automatic;
				DEVELOPMENT_TEAM = ME92NL5RP7;
				INFOPLIST_FILE = "CommonClass-SwiftTests/Info.plist";
				IPHONEOS_DEPLOYMENT_TARGET = 13.2;
				LD_RUNPATH_SEARCH_PATHS = (
					"$(inherited)",
					"@executable_path/Frameworks",
					"@loader_path/Frameworks",
				);
				PRODUCT_BUNDLE_IDENTIFIER = "bee2c.com.CommonClass-SwiftTests";
				PRODUCT_NAME = "$(TARGET_NAME)";
				SWIFT_VERSION = 5.0;
				TARGETED_DEVICE_FAMILY = "1,2";
				TEST_HOST = "$(BUILT_PRODUCTS_DIR)/CommonClass-Swift.app/CommonClass-Swift";
			};
			name = Debug;
		};
		25095C5623A0903800E772C7 /* Release */ = {
			isa = XCBuildConfiguration;
			buildSettings = {
				ALWAYS_EMBED_SWIFT_STANDARD_LIBRARIES = YES;
				BUNDLE_LOADER = "$(TEST_HOST)";
				CODE_SIGN_STYLE = Automatic;
				DEVELOPMENT_TEAM = ME92NL5RP7;
				INFOPLIST_FILE = "CommonClass-SwiftTests/Info.plist";
				IPHONEOS_DEPLOYMENT_TARGET = 13.2;
				LD_RUNPATH_SEARCH_PATHS = (
					"$(inherited)",
					"@executable_path/Frameworks",
					"@loader_path/Frameworks",
				);
				PRODUCT_BUNDLE_IDENTIFIER = "bee2c.com.CommonClass-SwiftTests";
				PRODUCT_NAME = "$(TARGET_NAME)";
				SWIFT_VERSION = 5.0;
				TARGETED_DEVICE_FAMILY = "1,2";
				TEST_HOST = "$(BUILT_PRODUCTS_DIR)/CommonClass-Swift.app/CommonClass-Swift";
			};
			name = Release;
		};
		25095C5823A0903800E772C7 /* Debug */ = {
			isa = XCBuildConfiguration;
			buildSettings = {
				ALWAYS_EMBED_SWIFT_STANDARD_LIBRARIES = YES;
				CODE_SIGN_STYLE = Automatic;
				DEVELOPMENT_TEAM = ME92NL5RP7;
				INFOPLIST_FILE = "CommonClass-SwiftUITests/Info.plist";
				LD_RUNPATH_SEARCH_PATHS = (
					"$(inherited)",
					"@executable_path/Frameworks",
					"@loader_path/Frameworks",
				);
				PRODUCT_BUNDLE_IDENTIFIER = "bee2c.com.CommonClass-SwiftUITests";
				PRODUCT_NAME = "$(TARGET_NAME)";
				SWIFT_VERSION = 5.0;
				TARGETED_DEVICE_FAMILY = "1,2";
				TEST_TARGET_NAME = "CommonClass-Swift";
			};
			name = Debug;
		};
		25095C5923A0903800E772C7 /* Release */ = {
			isa = XCBuildConfiguration;
			buildSettings = {
				ALWAYS_EMBED_SWIFT_STANDARD_LIBRARIES = YES;
				CODE_SIGN_STYLE = Automatic;
				DEVELOPMENT_TEAM = ME92NL5RP7;
				INFOPLIST_FILE = "CommonClass-SwiftUITests/Info.plist";
				LD_RUNPATH_SEARCH_PATHS = (
					"$(inherited)",
					"@executable_path/Frameworks",
					"@loader_path/Frameworks",
				);
				PRODUCT_BUNDLE_IDENTIFIER = "bee2c.com.CommonClass-SwiftUITests";
				PRODUCT_NAME = "$(TARGET_NAME)";
				SWIFT_VERSION = 5.0;
				TARGETED_DEVICE_FAMILY = "1,2";
				TEST_TARGET_NAME = "CommonClass-Swift";
			};
			name = Release;
		};
/* End XCBuildConfiguration section */

/* Begin XCConfigurationList section */
		25095C2223A0903300E772C7 /* Build configuration list for PBXProject "CommonClass-Swift" */ = {
			isa = XCConfigurationList;
			buildConfigurations = (
				25095C4F23A0903800E772C7 /* Debug */,
				25095C5023A0903800E772C7 /* Release */,
			);
			defaultConfigurationIsVisible = 0;
			defaultConfigurationName = Release;
		};
		25095C5123A0903800E772C7 /* Build configuration list for PBXNativeTarget "CommonClass-Swift" */ = {
			isa = XCConfigurationList;
			buildConfigurations = (
				25095C5223A0903800E772C7 /* Debug */,
				25095C5323A0903800E772C7 /* Release */,
			);
			defaultConfigurationIsVisible = 0;
			defaultConfigurationName = Release;
		};
		25095C5423A0903800E772C7 /* Build configuration list for PBXNativeTarget "CommonClass-SwiftTests" */ = {
			isa = XCConfigurationList;
			buildConfigurations = (
				25095C5523A0903800E772C7 /* Debug */,
				25095C5623A0903800E772C7 /* Release */,
			);
			defaultConfigurationIsVisible = 0;
			defaultConfigurationName = Release;
		};
		25095C5723A0903800E772C7 /* Build configuration list for PBXNativeTarget "CommonClass-SwiftUITests" */ = {
			isa = XCConfigurationList;
			buildConfigurations = (
				25095C5823A0903800E772C7 /* Debug */,
				25095C5923A0903800E772C7 /* Release */,
			);
			defaultConfigurationIsVisible = 0;
			defaultConfigurationName = Release;
		};
/* End XCConfigurationList section */
	};
	rootObject = 25095C1F23A0903300E772C7 /* Project object */;
}
